
Microsoft Visual Studio Solution File, Format Version 12.00
# Visual Studio 15
VisualStudioVersion = 15.0.28307.852
MinimumVisualStudioVersion = 10.0.40219.1
Project("{FAE04EC0-301F-11D3-BF4B-00C04F79EFBC}") = "GoValWordAddIn", "GoValWordAddIn\GoValWordAddIn.csproj", "{00234EFF-963C-48A4-8A76-4DA696F8138C}"
EndProject
Project("{FAE04EC0-301F-11D3-BF4B-00C04F79EFBC}") = "GoValExcel", "GoValExcel\GoValExcel.csproj", "{75B7F771-1BA3-4C2A-8EEF-97A16F3E0E93}"
EndProject
Project("{FAE04EC0-301F-11D3-BF4B-00C04F79EFBC}") = "DataAccessLayer", "DataAccessLayer\DataAccessLayer.csproj", "{A2F0F846-AB88-41BF-8D5C-503286D6B95F}"
EndProject
Global
	GlobalSection(SolutionConfigurationPlatforms) = preSolution
		Debug|Any CPU = Debug|Any CPU
		Release|Any CPU = Release|Any CPU
	EndGlobalSection
	GlobalSection(ProjectConfigurationPlatforms) = postSolution
		{00234EFF-963C-48A4-8A76-4DA696F8138C}.Debug|Any CPU.ActiveCfg = Debug|Any CPU
		{00234EFF-963C-48A4-8A76-4DA696F8138C}.Debug|Any CPU.Build.0 = Debug|Any CPU
		{00234EFF-963C-48A4-8A76-4DA696F8138C}.Release|Any CPU.ActiveCfg = Release|Any CPU
		{00234EFF-963C-48A4-8A76-4DA696F8138C}.Release|Any CPU.Build.0 = Release|Any CPU
		{75B7F771-1BA3-4C2A-8EEF-97A16F3E0E93}.Debug|Any CPU.ActiveCfg = Debug|Any CPU
		{75B7F771-1BA3-4C2A-8EEF-97A16F3E0E93}.Debug|Any CPU.Build.0 = Debug|Any CPU
		{75B7F771-1BA3-4C2A-8EEF-97A16F3E0E93}.Release|Any CPU.ActiveCfg = Release|Any CPU
		{75B7F771-1BA3-4C2A-8EEF-97A16F3E0E93}.Release|Any CPU.Build.0 = Release|Any CPU
		{A2F0F846-AB88-41BF-8D5C-503286D6B95F}.Debug|Any CPU.ActiveCfg = Debug|Any CPU
		{A2F0F846-AB88-41BF-8D5C-503286D6B95F}.Debug|Any CPU.Build.0 = Debug|Any CPU
		{A2F0F846-AB88-41BF-8D5C-503286D6B95F}.Release|Any CPU.ActiveCfg = Release|Any CPU
		{A2F0F846-AB88-41BF-8D5C-503286D6B95F}.Release|Any CPU.Build.0 = Release|Any CPU
	EndGlobalSection
	GlobalSection(SolutionProperties) = preSolution
		HideSolutionNode = FALSE
	EndGlobalSection
	GlobalSection(ExtensibilityGlobals) = postSolution
		SolutionGuid = {3FB9180F-0A93-4269-A292-6324406EFAB6}
	EndGlobalSection
EndGlobal
